{
  "version": 4,
  "terraform_version": "1.2.4",
  "serial": 47,
  "lineage": "100a4b23-e168-ec18-c189-60ac41cf42af",
  "outputs": {},
  "resources": [
    {
      "mode": "managed",
      "type": "aws_eks_cluster",
      "name": "cluster",
      "provider": "provider[\"registry.terraform.io/hashicorp/aws\"]",
      "instances": [
        {
          "schema_version": 0,
          "attributes": {
            "arn": "arn:aws:eks:ap-southeast-1:214683658933:cluster/ktpm",
            "certificate_authority": [
              {
                "data": "LS0tLS1CRUdJTiBDRVJUSUZJQ0FURS0tLS0tCk1JSUMvakNDQWVhZ0F3SUJBZ0lCQURBTkJna3Foa2lHOXcwQkFRc0ZBREFWTVJNd0VRWURWUVFERXdwcmRXSmwKY201bGRHVnpNQjRYRFRJeU1URXlOVEExTURJd00xb1hEVE15TVRFeU1qQTFNREl3TTFvd0ZURVRNQkVHQTFVRQpBeE1LYTNWaVpYSnVaWFJsY3pDQ0FTSXdEUVlKS29aSWh2Y05BUUVCQlFBRGdnRVBBRENDQVFvQ2dnRUJBTUxKCmV5UE4zdHVGcnpjOGhOVWdBNS9rRXRITEdxMWpKMjduVGFtVjROUDUrUW1Da1IyUm9HelhXWWZkUzk3SEMwd3YKQUk5TWs4M1FyQVdCektkRzFEdldJb2dIZnB0cWhxZnVLWm1Lbm1wT2Z3czZBZFlkN0o0OU5mTjhad3ZMQkJBSwpmVlhIaEk0OHJoWGcvTlFkN0hHeFlzRjJjU1ZoeGVxOUFUSFM1YXNsWExpR3kydTQxVjcra0xaRmkvclFsNzF2CkNaU3BZSzRKUlRub1IwdVAraUVvVUl5UGFIbDV3blRpNVFYdVN0aExpNnVOYW9WRmVWb091eHdzZTh2cmxiUFYKNGtzK3NQY21iSWlZTXJxSjlHeG1FaWdYYW1BYUs1OVFqd29jSGhta2ZHV0ovSVZjcHJ2OHM1SHh2UGVwRU9TSwpHT25VK3J1czVjUnUvMGZXd0FFQ0F3RUFBYU5aTUZjd0RnWURWUjBQQVFIL0JBUURBZ0trTUE4R0ExVWRFd0VCCi93UUZNQU1CQWY4d0hRWURWUjBPQkJZRUZPVnBwcjJLMW80Y2ZENmszaHAxSmtIL2NBMTVNQlVHQTFVZEVRUU8KTUF5Q0NtdDFZbVZ5Ym1WMFpYTXdEUVlKS29aSWh2Y05BUUVMQlFBRGdnRUJBRXZKUlBML3RYTDI1b0FzNy9EZgpLMlN1VFoxZFQ2b3BSdWh0aGtLcnp6eEpsYnlKN0NPYUJaRzhWWVAzY056NDdhRWZEWExqSDczVDVDUmtWQldnCllTK05MalpQUFZ4VGp4NFU5bGJPM2o3b3EzVmVKWHVRamo4OFhtY3hlTU9LVU5tQURRRDNqL2tLU2tnRW41clYKdkNMQUhOTzA3MjJpd2RtM2xackxtTlBTMlJYSG52N1pQQ2xEcE5BWCtGekpTNGhPemZUbFdrckwvUnhiMTdHSQpMbmlWRjJwSjZrQWo0SHV6ZzRqdThVQ3p1LytTU3VXU2hWNS9iSk9WS3NhcnFUTGtFaUFYVmQ4VW02VFdTaDMrClE3Y0NrYUQ1LzdvTEw0ajhSM1RBWmQzK0o3Z1hJVGhsMnkwa1R4QWpYNnc5MVpDekZWUjhtZDJKcHlpWHdmT3AKY01NPQotLS0tLUVORCBDRVJUSUZJQ0FURS0tLS0tCg=="
              }
            ],
            "created_at": "2022-11-25 04:55:54.897 +0000 UTC",
            "enabled_cluster_log_types": [],
            "encryption_config": [],
            "endpoint": "https://8F5BC16C906D830E32B0D353D0F19A97.gr7.ap-southeast-1.eks.amazonaws.com",
            "id": "ktpm",
            "identity": [
              {
                "oidc": [
                  {
                    "issuer": "https://oidc.eks.ap-southeast-1.amazonaws.com/id/8F5BC16C906D830E32B0D353D0F19A97"
                  }
                ]
              }
            ],
            "kubernetes_network_config": [
              {
                "ip_family": "ipv4",
                "service_ipv4_cidr": "172.20.0.0/16"
              }
            ],
            "name": "ktpm",
            "platform_version": "eks.5",
            "role_arn": "arn:aws:iam::214683658933:role/eks-cluster-iam-role",
            "status": "ACTIVE",
            "tags": {},
            "tags_all": {},
            "timeouts": null,
            "version": "1.23",
            "vpc_config": [
              {
                "cluster_security_group_id": "sg-0b3e871d01654a8db",
                "endpoint_private_access": false,
                "endpoint_public_access": true,
                "public_access_cidrs": [
                  "0.0.0.0/0"
                ],
                "security_group_ids": [],
                "subnet_ids": [
                  "subnet-00460dc870cba637e",
                  "subnet-01474847a332201fa",
                  "subnet-068a05ddd72ba98bc"
                ],
                "vpc_id": "vpc-05b48eb9607481cee"
              }
            ]
          },
          "sensitive_attributes": [],
          "private": "eyJlMmJmYjczMC1lY2FhLTExZTYtOGY4OC0zNDM2M2JjN2M0YzAiOnsiY3JlYXRlIjoxODAwMDAwMDAwMDAwLCJkZWxldGUiOjkwMDAwMDAwMDAwMCwidXBkYXRlIjozNjAwMDAwMDAwMDAwfX0=",
          "dependencies": [
            "aws_iam_role.iam_role",
            "aws_iam_role_policy_attachment.iam-role-AmazonEKSClusterPolicy",
            "aws_iam_role_policy_attachment.iam-role-AmazonEKSVPCResourceController",
            "module.vpc.aws_subnet.public_subnet",
            "module.vpc.aws_vpc.eks_vpc",
            "module.vpc.data.aws_availability_zones.az"
          ]
        }
      ]
    },
    {
      "mode": "managed",
      "type": "aws_iam_role",
      "name": "iam_role",
      "provider": "provider[\"registry.terraform.io/hashicorp/aws\"]",
      "instances": [
        {
          "schema_version": 0,
          "attributes": {
            "arn": "arn:aws:iam::214683658933:role/eks-cluster-iam-role",
            "assume_role_policy": "{\"Statement\":[{\"Action\":\"sts:AssumeRole\",\"Effect\":\"Allow\",\"Principal\":{\"Service\":\"eks.amazonaws.com\"}}],\"Version\":\"2012-10-17\"}",
            "create_date": "2022-11-21T02:00:08Z",
            "description": "",
            "force_detach_policies": false,
            "id": "eks-cluster-iam-role",
            "inline_policy": [],
            "managed_policy_arns": [
              "arn:aws:iam::aws:policy/AmazonEKSClusterPolicy",
              "arn:aws:iam::aws:policy/AmazonEKSVPCResourceController"
            ],
            "max_session_duration": 3600,
            "name": "eks-cluster-iam-role",
            "name_prefix": "",
            "path": "/",
            "permissions_boundary": null,
            "tags": {},
            "tags_all": {},
            "unique_id": "AROATD7BEVK2QIIAURQ7K"
          },
          "sensitive_attributes": [],
          "private": "bnVsbA=="
        }
      ]
    },
    {
      "mode": "managed",
      "type": "aws_iam_role_policy_attachment",
      "name": "iam-role-AmazonEKSClusterPolicy",
      "provider": "provider[\"registry.terraform.io/hashicorp/aws\"]",
      "instances": [
        {
          "schema_version": 0,
          "attributes": {
            "id": "eks-cluster-iam-role-20221121020010529200000005",
            "policy_arn": "arn:aws:iam::aws:policy/AmazonEKSClusterPolicy",
            "role": "eks-cluster-iam-role"
          },
          "sensitive_attributes": [],
          "private": "bnVsbA==",
          "dependencies": [
            "aws_iam_role.iam_role"
          ]
        }
      ]
    },
    {
      "mode": "managed",
      "type": "aws_iam_role_policy_attachment",
      "name": "iam-role-AmazonEKSVPCResourceController",
      "provider": "provider[\"registry.terraform.io/hashicorp/aws\"]",
      "instances": [
        {
          "schema_version": 0,
          "attributes": {
            "id": "eks-cluster-iam-role-20221121020010238900000004",
            "policy_arn": "arn:aws:iam::aws:policy/AmazonEKSVPCResourceController",
            "role": "eks-cluster-iam-role"
          },
          "sensitive_attributes": [],
          "private": "bnVsbA==",
          "dependencies": [
            "aws_iam_role.iam_role"
          ]
        }
      ]
    },
    {
      "module": "module.vpc",
      "mode": "data",
      "type": "aws_availability_zones",
      "name": "az",
      "provider": "module.vpc.provider[\"registry.terraform.io/hashicorp/aws\"]",
      "instances": [
        {
          "schema_version": 0,
          "attributes": {
            "all_availability_zones": null,
            "exclude_names": null,
            "exclude_zone_ids": null,
            "filter": null,
            "group_names": [
              "ap-southeast-1"
            ],
            "id": "ap-southeast-1",
            "names": [
              "ap-southeast-1a",
              "ap-southeast-1b",
              "ap-southeast-1c"
            ],
            "state": "available",
            "zone_ids": [
              "apse1-az1",
              "apse1-az2",
              "apse1-az3"
            ]
          },
          "sensitive_attributes": []
        }
      ]
    },
    {
      "module": "module.vpc",
      "mode": "managed",
      "type": "aws_subnet",
      "name": "public_subnet",
      "provider": "module.vpc.provider[\"registry.terraform.io/hashicorp/aws\"]",
      "instances": [
        {
          "index_key": 0,
          "schema_version": 1,
          "attributes": {
            "arn": "arn:aws:ec2:ap-southeast-1:214683658933:subnet/subnet-068a05ddd72ba98bc",
            "assign_ipv6_address_on_creation": false,
            "availability_zone": "ap-southeast-1a",
            "availability_zone_id": "apse1-az1",
            "cidr_block": "10.0.1.0/24",
            "customer_owned_ipv4_pool": "",
            "enable_dns64": false,
            "enable_resource_name_dns_a_record_on_launch": false,
            "enable_resource_name_dns_aaaa_record_on_launch": false,
            "id": "subnet-068a05ddd72ba98bc",
            "ipv6_cidr_block": "",
            "ipv6_cidr_block_association_id": "",
            "ipv6_native": false,
            "map_customer_owned_ip_on_launch": false,
            "map_public_ip_on_launch": true,
            "outpost_arn": "",
            "owner_id": "214683658933",
            "private_dns_hostname_type_on_launch": "ip-name",
            "tags": {
              "Name": "EKS public subnet 1"
            },
            "tags_all": {
              "Name": "EKS public subnet 1"
            },
            "timeouts": null,
            "vpc_id": "vpc-05b48eb9607481cee"
          },
          "sensitive_attributes": [],
          "private": "eyJlMmJmYjczMC1lY2FhLTExZTYtOGY4OC0zNDM2M2JjN2M0YzAiOnsiY3JlYXRlIjo2MDAwMDAwMDAwMDAsImRlbGV0ZSI6MTIwMDAwMDAwMDAwMH0sInNjaGVtYV92ZXJzaW9uIjoiMSJ9",
          "dependencies": [
            "module.vpc.aws_vpc.eks_vpc",
            "module.vpc.data.aws_availability_zones.az"
          ]
        },
        {
          "index_key": 1,
          "schema_version": 1,
          "attributes": {
            "arn": "arn:aws:ec2:ap-southeast-1:214683658933:subnet/subnet-01474847a332201fa",
            "assign_ipv6_address_on_creation": false,
            "availability_zone": "ap-southeast-1b",
            "availability_zone_id": "apse1-az2",
            "cidr_block": "10.0.2.0/24",
            "customer_owned_ipv4_pool": "",
            "enable_dns64": false,
            "enable_resource_name_dns_a_record_on_launch": false,
            "enable_resource_name_dns_aaaa_record_on_launch": false,
            "id": "subnet-01474847a332201fa",
            "ipv6_cidr_block": "",
            "ipv6_cidr_block_association_id": "",
            "ipv6_native": false,
            "map_customer_owned_ip_on_launch": false,
            "map_public_ip_on_launch": true,
            "outpost_arn": "",
            "owner_id": "214683658933",
            "private_dns_hostname_type_on_launch": "ip-name",
            "tags": {
              "Name": "EKS public subnet 2"
            },
            "tags_all": {
              "Name": "EKS public subnet 2"
            },
            "timeouts": null,
            "vpc_id": "vpc-05b48eb9607481cee"
          },
          "sensitive_attributes": [],
          "private": "eyJlMmJmYjczMC1lY2FhLTExZTYtOGY4OC0zNDM2M2JjN2M0YzAiOnsiY3JlYXRlIjo2MDAwMDAwMDAwMDAsImRlbGV0ZSI6MTIwMDAwMDAwMDAwMH0sInNjaGVtYV92ZXJzaW9uIjoiMSJ9",
          "dependencies": [
            "module.vpc.aws_vpc.eks_vpc",
            "module.vpc.data.aws_availability_zones.az"
          ]
        },
        {
          "index_key": 2,
          "schema_version": 1,
          "attributes": {
            "arn": "arn:aws:ec2:ap-southeast-1:214683658933:subnet/subnet-00460dc870cba637e",
            "assign_ipv6_address_on_creation": false,
            "availability_zone": "ap-southeast-1c",
            "availability_zone_id": "apse1-az3",
            "cidr_block": "10.0.3.0/24",
            "customer_owned_ipv4_pool": "",
            "enable_dns64": false,
            "enable_resource_name_dns_a_record_on_launch": false,
            "enable_resource_name_dns_aaaa_record_on_launch": false,
            "id": "subnet-00460dc870cba637e",
            "ipv6_cidr_block": "",
            "ipv6_cidr_block_association_id": "",
            "ipv6_native": false,
            "map_customer_owned_ip_on_launch": false,
            "map_public_ip_on_launch": true,
            "outpost_arn": "",
            "owner_id": "214683658933",
            "private_dns_hostname_type_on_launch": "ip-name",
            "tags": {
              "Name": "EKS public subnet 3"
            },
            "tags_all": {
              "Name": "EKS public subnet 3"
            },
            "timeouts": null,
            "vpc_id": "vpc-05b48eb9607481cee"
          },
          "sensitive_attributes": [],
          "private": "eyJlMmJmYjczMC1lY2FhLTExZTYtOGY4OC0zNDM2M2JjN2M0YzAiOnsiY3JlYXRlIjo2MDAwMDAwMDAwMDAsImRlbGV0ZSI6MTIwMDAwMDAwMDAwMH0sInNjaGVtYV92ZXJzaW9uIjoiMSJ9",
          "dependencies": [
            "module.vpc.aws_vpc.eks_vpc",
            "module.vpc.data.aws_availability_zones.az"
          ]
        }
      ]
    },
    {
      "module": "module.vpc",
      "mode": "managed",
      "type": "aws_vpc",
      "name": "eks_vpc",
      "provider": "module.vpc.provider[\"registry.terraform.io/hashicorp/aws\"]",
      "instances": [
        {
          "schema_version": 1,
          "attributes": {
            "arn": "arn:aws:ec2:ap-southeast-1:214683658933:vpc/vpc-05b48eb9607481cee",
            "assign_generated_ipv6_cidr_block": false,
            "cidr_block": "10.0.0.0/16",
            "default_network_acl_id": "acl-03e85594ca001e4b2",
            "default_route_table_id": "rtb-0c573ac8c36a15a48",
            "default_security_group_id": "sg-0627fd9048c31cdf7",
            "dhcp_options_id": "dopt-0b79807f3cbe5297d",
            "enable_classiclink": false,
            "enable_classiclink_dns_support": false,
            "enable_dns_hostnames": false,
            "enable_dns_support": true,
            "id": "vpc-05b48eb9607481cee",
            "instance_tenancy": "default",
            "ipv4_ipam_pool_id": null,
            "ipv4_netmask_length": null,
            "ipv6_association_id": "",
            "ipv6_cidr_block": "",
            "ipv6_cidr_block_network_border_group": "",
            "ipv6_ipam_pool_id": "",
            "ipv6_netmask_length": 0,
            "main_route_table_id": "rtb-0c573ac8c36a15a48",
            "owner_id": "214683658933",
            "tags": {
              "Name": "EKS VPC"
            },
            "tags_all": {
              "Name": "EKS VPC"
            }
          },
          "sensitive_attributes": [],
          "private": "eyJzY2hlbWFfdmVyc2lvbiI6IjEifQ=="
        }
      ]
    }
  ]
}
